
Microsoft Visual Studio Solution File, Format Version 12.00
Project("{FAE04EC0-301F-11D3-BF4B-00C04F79EFBC}") = "Hello world", "Hello world.csproj", "{2AB0A681-9FF4-4ABA-815F-BF35A9EAA92D}"
EndProject
Project("{2150E333-8FDC-42A3-9474-1A3956D46DE8}") = "program-01 Hello World", "program-01 Hello World", "{12FFD392-FF13-405F-95E6-715013C7ED57}"
EndProject
Project("{2150E333-8FDC-42A3-9474-1A3956D46DE8}") = "program-02", "program-02", "{358D3CC1-54CF-4F74-9D1E-BB0CA93D9B3A}"
EndProject
Global
	GlobalSection(SolutionConfigurationPlatforms) = preSolution
		Debug|Any CPU = Debug|Any CPU
		Release|Any CPU = Release|Any CPU
	EndGlobalSection
	GlobalSection(ProjectConfigurationPlatforms) = postSolution
		{2AB0A681-9FF4-4ABA-815F-BF35A9EAA92D}.Debug|Any CPU.ActiveCfg = Debug|Any CPU
		{2AB0A681-9FF4-4ABA-815F-BF35A9EAA92D}.Debug|Any CPU.Build.0 = Debug|Any CPU
		{2AB0A681-9FF4-4ABA-815F-BF35A9EAA92D}.Release|Any CPU.ActiveCfg = Release|Any CPU
		{2AB0A681-9FF4-4ABA-815F-BF35A9EAA92D}.Release|Any CPU.Build.0 = Release|Any CPU
	EndGlobalSection
	GlobalSection(NestedProjects) = preSolution
		{2AB0A681-9FF4-4ABA-815F-BF35A9EAA92D} = {12FFD392-FF13-405F-95E6-715013C7ED57}
	EndGlobalSection
EndGlobal
